
Microsoft Visual Studio Solution File, Format Version 12.00
# Visual Studio 14
VisualStudioVersion = 14.0.22823.1
MinimumVisualStudioVersion = 10.0.40219.1
Project("{FAE04EC0-301F-11D3-BF4B-00C04F79EFBC}") = "TestCenter", "TestCenter\TestCenter\TestCenter.csproj", "{7A9E4603-A200-4421-B5DF-6FA597F04E46}"
EndProject
Project("{2150E333-8FDC-42A3-9474-1A3956D46DE8}") = "Platforms", "Platforms", "{407096D7-DC0D-4EE6-ACB8-3413E6DB2472}"
EndProject
Project("{FAE04EC0-301F-11D3-BF4B-00C04F79EFBC}") = "TestCenter.iOS", "TestCenter\TestCenter.iOS\TestCenter.iOS.csproj", "{7F5D59B7-D83A-4C10-A13C-68A4A2694BA1}"
EndProject
Project("{FAE04EC0-301F-11D3-BF4B-00C04F79EFBC}") = "TestCenter.Droid", "TestCenter\TestCenter.Droid\TestCenter.Droid.csproj", "{D1B81673-9CFE-405A-B941-87AA14B0B2C8}"
EndProject
Project("{FAE04EC0-301F-11D3-BF4B-00C04F79EFBC}") = "TestCenter.WinPhone", "TestCenter\TestCenter.WinPhone\TestCenter.WinPhone.csproj", "{F6A2C633-FA59-4E6D-8C50-CEDB453183A6}"
EndProject
Project("{2150E333-8FDC-42A3-9474-1A3956D46DE8}") = "Shared", "Shared", "{D96931FA-E355-4EB9-82FB-0860D6DA60D6}"
EndProject
Project("{FAE04EC0-301F-11D3-BF4B-00C04F79EFBC}") = "TestCenter.Core", "TestCenter.Core\TestCenter.Core.csproj", "{67F9D3A8-F71E-4428-913F-C37AE82CDB24}"
EndProject
Project("{2150E333-8FDC-42A3-9474-1A3956D46DE8}") = "Services", "Services", "{F351A21C-60B3-4940-B457-CCC975D8E89E}"
EndProject
Project("{FAE04EC0-301F-11D3-BF4B-00C04F79EFBC}") = "TestCenter.Services", "TestCenter.Services\TestCenter.Services.csproj", "{9B29F9FC-B3CD-4DBE-A2C6-FAAB72B32197}"
EndProject
Project("{FAE04EC0-301F-11D3-BF4B-00C04F79EFBC}") = "TestCenter.FakeServices", "TestCenter.FakeServices\TestCenter.FakeServices.csproj", "{70BB04F3-7A76-44F7-8167-4749515614B1}"
EndProject
Project("{2150E333-8FDC-42A3-9474-1A3956D46DE8}") = "Model", "Model", "{A1C24ADF-B674-43DB-8867-B8AB12BF8BAF}"
EndProject
Project("{FAE04EC0-301F-11D3-BF4B-00C04F79EFBC}") = "TestCenter.Model", "TestCenter.Model\TestCenter.Model.csproj", "{16F57B3C-848C-4BF8-8619-01561455AE35}"
EndProject
Project("{2150E333-8FDC-42A3-9474-1A3956D46DE8}") = "Unit Test", "Unit Test", "{A1540408-C5C3-4EE5-8D51-108433D7CF5B}"
EndProject
Project("{FAE04EC0-301F-11D3-BF4B-00C04F79EFBC}") = "TestCenter.Services.UnitTest", "TestCenter.Services.UnitTest\TestCenter.Services.UnitTest.csproj", "{CA049911-87EC-44BF-BE38-0A74D48C31AA}"
EndProject
Project("{2150E333-8FDC-42A3-9474-1A3956D46DE8}") = "Data", "Data", "{99304588-323B-437C-8B3B-C40E97023D11}"
EndProject
Project("{FAE04EC0-301F-11D3-BF4B-00C04F79EFBC}") = "TestCenter.Data", "TestCenter.Data\TestCenter.Data.csproj", "{CE7B29D8-7D59-4576-B3FD-CC9080BC45C2}"
EndProject
Project("{FAE04EC0-301F-11D3-BF4B-00C04F79EFBC}") = "TestCenter.FakeData", "TestCenter.FakeData\TestCenter.FakeData.csproj", "{4575A220-D469-4369-836F-C8B22682AA22}"
EndProject
Global
	GlobalSection(SolutionConfigurationPlatforms) = preSolution
		Ad-Hoc|Any CPU = Ad-Hoc|Any CPU
		Ad-Hoc|ARM = Ad-Hoc|ARM
		Ad-Hoc|iPhone = Ad-Hoc|iPhone
		Ad-Hoc|iPhoneSimulator = Ad-Hoc|iPhoneSimulator
		Ad-Hoc|x86 = Ad-Hoc|x86
		AppStore|Any CPU = AppStore|Any CPU
		AppStore|ARM = AppStore|ARM
		AppStore|iPhone = AppStore|iPhone
		AppStore|iPhoneSimulator = AppStore|iPhoneSimulator
		AppStore|x86 = AppStore|x86
		Debug|Any CPU = Debug|Any CPU
		Debug|ARM = Debug|ARM
		Debug|iPhone = Debug|iPhone
		Debug|iPhoneSimulator = Debug|iPhoneSimulator
		Debug|x86 = Debug|x86
		Release|Any CPU = Release|Any CPU
		Release|ARM = Release|ARM
		Release|iPhone = Release|iPhone
		Release|iPhoneSimulator = Release|iPhoneSimulator
		Release|x86 = Release|x86
	EndGlobalSection
	GlobalSection(ProjectConfigurationPlatforms) = postSolution
		{7A9E4603-A200-4421-B5DF-6FA597F04E46}.Ad-Hoc|Any CPU.ActiveCfg = Release|Any CPU
		{7A9E4603-A200-4421-B5DF-6FA597F04E46}.Ad-Hoc|Any CPU.Build.0 = Release|Any CPU
		{7A9E4603-A200-4421-B5DF-6FA597F04E46}.Ad-Hoc|ARM.ActiveCfg = Release|Any CPU
		{7A9E4603-A200-4421-B5DF-6FA597F04E46}.Ad-Hoc|ARM.Build.0 = Release|Any CPU
		{7A9E4603-A200-4421-B5DF-6FA597F04E46}.Ad-Hoc|iPhone.ActiveCfg = Release|Any CPU
		{7A9E4603-A200-4421-B5DF-6FA597F04E46}.Ad-Hoc|iPhone.Build.0 = Release|Any CPU
		{7A9E4603-A200-4421-B5DF-6FA597F04E46}.Ad-Hoc|iPhoneSimulator.ActiveCfg = Release|Any CPU
		{7A9E4603-A200-4421-B5DF-6FA597F04E46}.Ad-Hoc|iPhoneSimulator.Build.0 = Release|Any CPU
		{7A9E4603-A200-4421-B5DF-6FA597F04E46}.Ad-Hoc|x86.ActiveCfg = Release|Any CPU
		{7A9E4603-A200-4421-B5DF-6FA597F04E46}.Ad-Hoc|x86.Build.0 = Release|Any CPU
		{7A9E4603-A200-4421-B5DF-6FA597F04E46}.AppStore|Any CPU.ActiveCfg = Release|Any CPU
		{7A9E4603-A200-4421-B5DF-6FA597F04E46}.AppStore|Any CPU.Build.0 = Release|Any CPU
		{7A9E4603-A200-4421-B5DF-6FA597F04E46}.AppStore|ARM.ActiveCfg = Release|Any CPU
		{7A9E4603-A200-4421-B5DF-6FA597F04E46}.AppStore|ARM.Build.0 = Release|Any CPU
		{7A9E4603-A200-4421-B5DF-6FA597F04E46}.AppStore|iPhone.ActiveCfg = Release|Any CPU
		{7A9E4603-A200-4421-B5DF-6FA597F04E46}.AppStore|iPhone.Build.0 = Release|Any CPU
		{7A9E4603-A200-4421-B5DF-6FA597F04E46}.AppStore|iPhoneSimulator.ActiveCfg = Release|Any CPU
		{7A9E4603-A200-4421-B5DF-6FA597F04E46}.AppStore|iPhoneSimulator.Build.0 = Release|Any CPU
		{7A9E4603-A200-4421-B5DF-6FA597F04E46}.AppStore|x86.ActiveCfg = Release|Any CPU
		{7A9E4603-A200-4421-B5DF-6FA597F04E46}.AppStore|x86.Build.0 = Release|Any CPU
		{7A9E4603-A200-4421-B5DF-6FA597F04E46}.Debug|Any CPU.ActiveCfg = Debug|Any CPU
		{7A9E4603-A200-4421-B5DF-6FA597F04E46}.Debug|Any CPU.Build.0 = Debug|Any CPU
		{7A9E4603-A200-4421-B5DF-6FA597F04E46}.Debug|ARM.ActiveCfg = Debug|Any CPU
		{7A9E4603-A200-4421-B5DF-6FA597F04E46}.Debug|ARM.Build.0 = Debug|Any CPU
		{7A9E4603-A200-4421-B5DF-6FA597F04E46}.Debug|iPhone.ActiveCfg = Debug|Any CPU
		{7A9E4603-A200-4421-B5DF-6FA597F04E46}.Debug|iPhone.Build.0 = Debug|Any CPU
		{7A9E4603-A200-4421-B5DF-6FA597F04E46}.Debug|iPhoneSimulator.ActiveCfg = Debug|Any CPU
		{7A9E4603-A200-4421-B5DF-6FA597F04E46}.Debug|iPhoneSimulator.Build.0 = Debug|Any CPU
		{7A9E4603-A200-4421-B5DF-6FA597F04E46}.Debug|x86.ActiveCfg = Debug|Any CPU
		{7A9E4603-A200-4421-B5DF-6FA597F04E46}.Debug|x86.Build.0 = Debug|Any CPU
		{7A9E4603-A200-4421-B5DF-6FA597F04E46}.Release|Any CPU.ActiveCfg = Release|Any CPU
		{7A9E4603-A200-4421-B5DF-6FA597F04E46}.Release|Any CPU.Build.0 = Release|Any CPU
		{7A9E4603-A200-4421-B5DF-6FA597F04E46}.Release|ARM.ActiveCfg = Release|Any CPU
		{7A9E4603-A200-4421-B5DF-6FA597F04E46}.Release|ARM.Build.0 = Release|Any CPU
		{7A9E4603-A200-4421-B5DF-6FA597F04E46}.Release|iPhone.ActiveCfg = Release|Any CPU
		{7A9E4603-A200-4421-B5DF-6FA597F04E46}.Release|iPhone.Build.0 = Release|Any CPU
		{7A9E4603-A200-4421-B5DF-6FA597F04E46}.Release|iPhoneSimulator.ActiveCfg = Release|Any CPU
		{7A9E4603-A200-4421-B5DF-6FA597F04E46}.Release|iPhoneSimulator.Build.0 = Release|Any CPU
		{7A9E4603-A200-4421-B5DF-6FA597F04E46}.Release|x86.ActiveCfg = Release|Any CPU
		{7A9E4603-A200-4421-B5DF-6FA597F04E46}.Release|x86.Build.0 = Release|Any CPU
		{7F5D59B7-D83A-4C10-A13C-68A4A2694BA1}.Ad-Hoc|Any CPU.ActiveCfg = Ad-Hoc|iPhone
		{7F5D59B7-D83A-4C10-A13C-68A4A2694BA1}.Ad-Hoc|ARM.ActiveCfg = Ad-Hoc|iPhone
		{7F5D59B7-D83A-4C10-A13C-68A4A2694BA1}.Ad-Hoc|iPhone.ActiveCfg = Ad-Hoc|iPhone
		{7F5D59B7-D83A-4C10-A13C-68A4A2694BA1}.Ad-Hoc|iPhone.Build.0 = Ad-Hoc|iPhone
		{7F5D59B7-D83A-4C10-A13C-68A4A2694BA1}.Ad-Hoc|iPhoneSimulator.ActiveCfg = Ad-Hoc|iPhoneSimulator
		{7F5D59B7-D83A-4C10-A13C-68A4A2694BA1}.Ad-Hoc|iPhoneSimulator.Build.0 = Ad-Hoc|iPhoneSimulator
		{7F5D59B7-D83A-4C10-A13C-68A4A2694BA1}.Ad-Hoc|x86.ActiveCfg = Ad-Hoc|iPhone
		{7F5D59B7-D83A-4C10-A13C-68A4A2694BA1}.AppStore|Any CPU.ActiveCfg = AppStore|iPhone
		{7F5D59B7-D83A-4C10-A13C-68A4A2694BA1}.AppStore|ARM.ActiveCfg = AppStore|iPhone
		{7F5D59B7-D83A-4C10-A13C-68A4A2694BA1}.AppStore|iPhone.ActiveCfg = AppStore|iPhone
		{7F5D59B7-D83A-4C10-A13C-68A4A2694BA1}.AppStore|iPhone.Build.0 = AppStore|iPhone
		{7F5D59B7-D83A-4C10-A13C-68A4A2694BA1}.AppStore|iPhoneSimulator.ActiveCfg = AppStore|iPhoneSimulator
		{7F5D59B7-D83A-4C10-A13C-68A4A2694BA1}.AppStore|iPhoneSimulator.Build.0 = AppStore|iPhoneSimulator
		{7F5D59B7-D83A-4C10-A13C-68A4A2694BA1}.AppStore|x86.ActiveCfg = AppStore|iPhone
		{7F5D59B7-D83A-4C10-A13C-68A4A2694BA1}.Debug|Any CPU.ActiveCfg = Debug|iPhone
		{7F5D59B7-D83A-4C10-A13C-68A4A2694BA1}.Debug|Any CPU.Build.0 = Debug|iPhone
		{7F5D59B7-D83A-4C10-A13C-68A4A2694BA1}.Debug|ARM.ActiveCfg = Debug|iPhone
		{7F5D59B7-D83A-4C10-A13C-68A4A2694BA1}.Debug|iPhone.ActiveCfg = Debug|iPhone
		{7F5D59B7-D83A-4C10-A13C-68A4A2694BA1}.Debug|iPhone.Build.0 = Debug|iPhone
		{7F5D59B7-D83A-4C10-A13C-68A4A2694BA1}.Debug|iPhoneSimulator.ActiveCfg = Debug|iPhoneSimulator
		{7F5D59B7-D83A-4C10-A13C-68A4A2694BA1}.Debug|iPhoneSimulator.Build.0 = Debug|iPhoneSimulator
		{7F5D59B7-D83A-4C10-A13C-68A4A2694BA1}.Debug|x86.ActiveCfg = Debug|iPhone
		{7F5D59B7-D83A-4C10-A13C-68A4A2694BA1}.Release|Any CPU.ActiveCfg = Release|iPhone
		{7F5D59B7-D83A-4C10-A13C-68A4A2694BA1}.Release|ARM.ActiveCfg = Release|iPhone
		{7F5D59B7-D83A-4C10-A13C-68A4A2694BA1}.Release|iPhone.ActiveCfg = Release|iPhone
		{7F5D59B7-D83A-4C10-A13C-68A4A2694BA1}.Release|iPhone.Build.0 = Release|iPhone
		{7F5D59B7-D83A-4C10-A13C-68A4A2694BA1}.Release|iPhoneSimulator.ActiveCfg = Release|iPhoneSimulator
		{7F5D59B7-D83A-4C10-A13C-68A4A2694BA1}.Release|iPhoneSimulator.Build.0 = Release|iPhoneSimulator
		{7F5D59B7-D83A-4C10-A13C-68A4A2694BA1}.Release|x86.ActiveCfg = Release|iPhone
		{D1B81673-9CFE-405A-B941-87AA14B0B2C8}.Ad-Hoc|Any CPU.ActiveCfg = Release|Any CPU
		{D1B81673-9CFE-405A-B941-87AA14B0B2C8}.Ad-Hoc|Any CPU.Build.0 = Release|Any CPU
		{D1B81673-9CFE-405A-B941-87AA14B0B2C8}.Ad-Hoc|Any CPU.Deploy.0 = Release|Any CPU
		{D1B81673-9CFE-405A-B941-87AA14B0B2C8}.Ad-Hoc|ARM.ActiveCfg = Release|Any CPU
		{D1B81673-9CFE-405A-B941-87AA14B0B2C8}.Ad-Hoc|ARM.Build.0 = Release|Any CPU
		{D1B81673-9CFE-405A-B941-87AA14B0B2C8}.Ad-Hoc|ARM.Deploy.0 = Release|Any CPU
		{D1B81673-9CFE-405A-B941-87AA14B0B2C8}.Ad-Hoc|iPhone.ActiveCfg = Release|Any CPU
		{D1B81673-9CFE-405A-B941-87AA14B0B2C8}.Ad-Hoc|iPhone.Build.0 = Release|Any CPU
		{D1B81673-9CFE-405A-B941-87AA14B0B2C8}.Ad-Hoc|iPhone.Deploy.0 = Release|Any CPU
		{D1B81673-9CFE-405A-B941-87AA14B0B2C8}.Ad-Hoc|iPhoneSimulator.ActiveCfg = Release|Any CPU
		{D1B81673-9CFE-405A-B941-87AA14B0B2C8}.Ad-Hoc|iPhoneSimulator.Build.0 = Release|Any CPU
		{D1B81673-9CFE-405A-B941-87AA14B0B2C8}.Ad-Hoc|iPhoneSimulator.Deploy.0 = Release|Any CPU
		{D1B81673-9CFE-405A-B941-87AA14B0B2C8}.Ad-Hoc|x86.ActiveCfg = Release|Any CPU
		{D1B81673-9CFE-405A-B941-87AA14B0B2C8}.Ad-Hoc|x86.Build.0 = Release|Any CPU
		{D1B81673-9CFE-405A-B941-87AA14B0B2C8}.Ad-Hoc|x86.Deploy.0 = Release|Any CPU
		{D1B81673-9CFE-405A-B941-87AA14B0B2C8}.AppStore|Any CPU.ActiveCfg = Release|Any CPU
		{D1B81673-9CFE-405A-B941-87AA14B0B2C8}.AppStore|Any CPU.Build.0 = Release|Any CPU
		{D1B81673-9CFE-405A-B941-87AA14B0B2C8}.AppStore|Any CPU.Deploy.0 = Release|Any CPU
		{D1B81673-9CFE-405A-B941-87AA14B0B2C8}.AppStore|ARM.ActiveCfg = Release|Any CPU
		{D1B81673-9CFE-405A-B941-87AA14B0B2C8}.AppStore|ARM.Build.0 = Release|Any CPU
		{D1B81673-9CFE-405A-B941-87AA14B0B2C8}.AppStore|ARM.Deploy.0 = Release|Any CPU
		{D1B81673-9CFE-405A-B941-87AA14B0B2C8}.AppStore|iPhone.ActiveCfg = Release|Any CPU
		{D1B81673-9CFE-405A-B941-87AA14B0B2C8}.AppStore|iPhone.Build.0 = Release|Any CPU
		{D1B81673-9CFE-405A-B941-87AA14B0B2C8}.AppStore|iPhone.Deploy.0 = Release|Any CPU
		{D1B81673-9CFE-405A-B941-87AA14B0B2C8}.AppStore|iPhoneSimulator.ActiveCfg = Release|Any CPU
		{D1B81673-9CFE-405A-B941-87AA14B0B2C8}.AppStore|iPhoneSimulator.Build.0 = Release|Any CPU
		{D1B81673-9CFE-405A-B941-87AA14B0B2C8}.AppStore|iPhoneSimulator.Deploy.0 = Release|Any CPU
		{D1B81673-9CFE-405A-B941-87AA14B0B2C8}.AppStore|x86.ActiveCfg = Release|Any CPU
		{D1B81673-9CFE-405A-B941-87AA14B0B2C8}.AppStore|x86.Build.0 = Release|Any CPU
		{D1B81673-9CFE-405A-B941-87AA14B0B2C8}.AppStore|x86.Deploy.0 = Release|Any CPU
		{D1B81673-9CFE-405A-B941-87AA14B0B2C8}.Debug|Any CPU.ActiveCfg = Debug|Any CPU
		{D1B81673-9CFE-405A-B941-87AA14B0B2C8}.Debug|Any CPU.Build.0 = Debug|Any CPU
		{D1B81673-9CFE-405A-B941-87AA14B0B2C8}.Debug|Any CPU.Deploy.0 = Debug|Any CPU
		{D1B81673-9CFE-405A-B941-87AA14B0B2C8}.Debug|ARM.ActiveCfg = Debug|Any CPU
		{D1B81673-9CFE-405A-B941-87AA14B0B2C8}.Debug|ARM.Build.0 = Debug|Any CPU
		{D1B81673-9CFE-405A-B941-87AA14B0B2C8}.Debug|ARM.Deploy.0 = Debug|Any CPU
		{D1B81673-9CFE-405A-B941-87AA14B0B2C8}.Debug|iPhone.ActiveCfg = Debug|Any CPU
		{D1B81673-9CFE-405A-B941-87AA14B0B2C8}.Debug|iPhone.Build.0 = Debug|Any CPU
		{D1B81673-9CFE-405A-B941-87AA14B0B2C8}.Debug|iPhone.Deploy.0 = Debug|Any CPU
		{D1B81673-9CFE-405A-B941-87AA14B0B2C8}.Debug|iPhoneSimulator.ActiveCfg = Debug|Any CPU
		{D1B81673-9CFE-405A-B941-87AA14B0B2C8}.Debug|iPhoneSimulator.Build.0 = Debug|Any CPU
		{D1B81673-9CFE-405A-B941-87AA14B0B2C8}.Debug|iPhoneSimulator.Deploy.0 = Debug|Any CPU
		{D1B81673-9CFE-405A-B941-87AA14B0B2C8}.Debug|x86.ActiveCfg = Debug|Any CPU
		{D1B81673-9CFE-405A-B941-87AA14B0B2C8}.Debug|x86.Build.0 = Debug|Any CPU
		{D1B81673-9CFE-405A-B941-87AA14B0B2C8}.Debug|x86.Deploy.0 = Debug|Any CPU
		{D1B81673-9CFE-405A-B941-87AA14B0B2C8}.Release|Any CPU.ActiveCfg = Release|Any CPU
		{D1B81673-9CFE-405A-B941-87AA14B0B2C8}.Release|Any CPU.Build.0 = Release|Any CPU
		{D1B81673-9CFE-405A-B941-87AA14B0B2C8}.Release|Any CPU.Deploy.0 = Release|Any CPU
		{D1B81673-9CFE-405A-B941-87AA14B0B2C8}.Release|ARM.ActiveCfg = Release|Any CPU
		{D1B81673-9CFE-405A-B941-87AA14B0B2C8}.Release|ARM.Build.0 = Release|Any CPU
		{D1B81673-9CFE-405A-B941-87AA14B0B2C8}.Release|ARM.Deploy.0 = Release|Any CPU
		{D1B81673-9CFE-405A-B941-87AA14B0B2C8}.Release|iPhone.ActiveCfg = Release|Any CPU
		{D1B81673-9CFE-405A-B941-87AA14B0B2C8}.Release|iPhone.Build.0 = Release|Any CPU
		{D1B81673-9CFE-405A-B941-87AA14B0B2C8}.Release|iPhone.Deploy.0 = Release|Any CPU
		{D1B81673-9CFE-405A-B941-87AA14B0B2C8}.Release|iPhoneSimulator.ActiveCfg = Release|Any CPU
		{D1B81673-9CFE-405A-B941-87AA14B0B2C8}.Release|iPhoneSimulator.Build.0 = Release|Any CPU
		{D1B81673-9CFE-405A-B941-87AA14B0B2C8}.Release|iPhoneSimulator.Deploy.0 = Release|Any CPU
		{D1B81673-9CFE-405A-B941-87AA14B0B2C8}.Release|x86.ActiveCfg = Release|Any CPU
		{D1B81673-9CFE-405A-B941-87AA14B0B2C8}.Release|x86.Build.0 = Release|Any CPU
		{D1B81673-9CFE-405A-B941-87AA14B0B2C8}.Release|x86.Deploy.0 = Release|Any CPU
		{F6A2C633-FA59-4E6D-8C50-CEDB453183A6}.Ad-Hoc|Any CPU.ActiveCfg = Release|Any CPU
		{F6A2C633-FA59-4E6D-8C50-CEDB453183A6}.Ad-Hoc|Any CPU.Build.0 = Release|Any CPU
		{F6A2C633-FA59-4E6D-8C50-CEDB453183A6}.Ad-Hoc|Any CPU.Deploy.0 = Release|Any CPU
		{F6A2C633-FA59-4E6D-8C50-CEDB453183A6}.Ad-Hoc|ARM.ActiveCfg = Release|ARM
		{F6A2C633-FA59-4E6D-8C50-CEDB453183A6}.Ad-Hoc|ARM.Build.0 = Release|ARM
		{F6A2C633-FA59-4E6D-8C50-CEDB453183A6}.Ad-Hoc|ARM.Deploy.0 = Release|ARM
		{F6A2C633-FA59-4E6D-8C50-CEDB453183A6}.Ad-Hoc|iPhone.ActiveCfg = Release|Any CPU
		{F6A2C633-FA59-4E6D-8C50-CEDB453183A6}.Ad-Hoc|iPhone.Build.0 = Release|Any CPU
		{F6A2C633-FA59-4E6D-8C50-CEDB453183A6}.Ad-Hoc|iPhone.Deploy.0 = Release|Any CPU
		{F6A2C633-FA59-4E6D-8C50-CEDB453183A6}.Ad-Hoc|iPhoneSimulator.ActiveCfg = Release|Any CPU
		{F6A2C633-FA59-4E6D-8C50-CEDB453183A6}.Ad-Hoc|iPhoneSimulator.Build.0 = Release|Any CPU
		{F6A2C633-FA59-4E6D-8C50-CEDB453183A6}.Ad-Hoc|iPhoneSimulator.Deploy.0 = Release|Any CPU
		{F6A2C633-FA59-4E6D-8C50-CEDB453183A6}.Ad-Hoc|x86.ActiveCfg = Release|x86
		{F6A2C633-FA59-4E6D-8C50-CEDB453183A6}.Ad-Hoc|x86.Build.0 = Release|x86
		{F6A2C633-FA59-4E6D-8C50-CEDB453183A6}.Ad-Hoc|x86.Deploy.0 = Release|x86
		{F6A2C633-FA59-4E6D-8C50-CEDB453183A6}.AppStore|Any CPU.ActiveCfg = Release|Any CPU
		{F6A2C633-FA59-4E6D-8C50-CEDB453183A6}.AppStore|Any CPU.Build.0 = Release|Any CPU
		{F6A2C633-FA59-4E6D-8C50-CEDB453183A6}.AppStore|Any CPU.Deploy.0 = Release|Any CPU
		{F6A2C633-FA59-4E6D-8C50-CEDB453183A6}.AppStore|ARM.ActiveCfg = Release|ARM
		{F6A2C633-FA59-4E6D-8C50-CEDB453183A6}.AppStore|ARM.Build.0 = Release|ARM
		{F6A2C633-FA59-4E6D-8C50-CEDB453183A6}.AppStore|ARM.Deploy.0 = Release|ARM
		{F6A2C633-FA59-4E6D-8C50-CEDB453183A6}.AppStore|iPhone.ActiveCfg = Release|Any CPU
		{F6A2C633-FA59-4E6D-8C50-CEDB453183A6}.AppStore|iPhone.Build.0 = Release|Any CPU
		{F6A2C633-FA59-4E6D-8C50-CEDB453183A6}.AppStore|iPhone.Deploy.0 = Release|Any CPU
		{F6A2C633-FA59-4E6D-8C50-CEDB453183A6}.AppStore|iPhoneSimulator.ActiveCfg = Release|Any CPU
		{F6A2C633-FA59-4E6D-8C50-CEDB453183A6}.AppStore|iPhoneSimulator.Build.0 = Release|Any CPU
		{F6A2C633-FA59-4E6D-8C50-CEDB453183A6}.AppStore|iPhoneSimulator.Deploy.0 = Release|Any CPU
		{F6A2C633-FA59-4E6D-8C50-CEDB453183A6}.AppStore|x86.ActiveCfg = Release|x86
		{F6A2C633-FA59-4E6D-8C50-CEDB453183A6}.AppStore|x86.Build.0 = Release|x86
		{F6A2C633-FA59-4E6D-8C50-CEDB453183A6}.AppStore|x86.Deploy.0 = Release|x86
		{F6A2C633-FA59-4E6D-8C50-CEDB453183A6}.Debug|Any CPU.ActiveCfg = Debug|Any CPU
		{F6A2C633-FA59-4E6D-8C50-CEDB453183A6}.Debug|Any CPU.Build.0 = Debug|Any CPU
		{F6A2C633-FA59-4E6D-8C50-CEDB453183A6}.Debug|Any CPU.Deploy.0 = Debug|Any CPU
		{F6A2C633-FA59-4E6D-8C50-CEDB453183A6}.Debug|ARM.ActiveCfg = Debug|ARM
		{F6A2C633-FA59-4E6D-8C50-CEDB453183A6}.Debug|ARM.Build.0 = Debug|ARM
		{F6A2C633-FA59-4E6D-8C50-CEDB453183A6}.Debug|ARM.Deploy.0 = Debug|ARM
		{F6A2C633-FA59-4E6D-8C50-CEDB453183A6}.Debug|iPhone.ActiveCfg = Debug|Any CPU
		{F6A2C633-FA59-4E6D-8C50-CEDB453183A6}.Debug|iPhone.Build.0 = Debug|Any CPU
		{F6A2C633-FA59-4E6D-8C50-CEDB453183A6}.Debug|iPhone.Deploy.0 = Debug|Any CPU
		{F6A2C633-FA59-4E6D-8C50-CEDB453183A6}.Debug|iPhoneSimulator.ActiveCfg = Debug|Any CPU
		{F6A2C633-FA59-4E6D-8C50-CEDB453183A6}.Debug|iPhoneSimulator.Build.0 = Debug|Any CPU
		{F6A2C633-FA59-4E6D-8C50-CEDB453183A6}.Debug|iPhoneSimulator.Deploy.0 = Debug|Any CPU
		{F6A2C633-FA59-4E6D-8C50-CEDB453183A6}.Debug|x86.ActiveCfg = Debug|x86
		{F6A2C633-FA59-4E6D-8C50-CEDB453183A6}.Debug|x86.Build.0 = Debug|x86
		{F6A2C633-FA59-4E6D-8C50-CEDB453183A6}.Debug|x86.Deploy.0 = Debug|x86
		{F6A2C633-FA59-4E6D-8C50-CEDB453183A6}.Release|Any CPU.ActiveCfg = Release|Any CPU
		{F6A2C633-FA59-4E6D-8C50-CEDB453183A6}.Release|Any CPU.Build.0 = Release|Any CPU
		{F6A2C633-FA59-4E6D-8C50-CEDB453183A6}.Release|Any CPU.Deploy.0 = Release|Any CPU
		{F6A2C633-FA59-4E6D-8C50-CEDB453183A6}.Release|ARM.ActiveCfg = Release|ARM
		{F6A2C633-FA59-4E6D-8C50-CEDB453183A6}.Release|ARM.Build.0 = Release|ARM
		{F6A2C633-FA59-4E6D-8C50-CEDB453183A6}.Release|ARM.Deploy.0 = Release|ARM
		{F6A2C633-FA59-4E6D-8C50-CEDB453183A6}.Release|iPhone.ActiveCfg = Release|Any CPU
		{F6A2C633-FA59-4E6D-8C50-CEDB453183A6}.Release|iPhone.Build.0 = Release|Any CPU
		{F6A2C633-FA59-4E6D-8C50-CEDB453183A6}.Release|iPhone.Deploy.0 = Release|Any CPU
		{F6A2C633-FA59-4E6D-8C50-CEDB453183A6}.Release|iPhoneSimulator.ActiveCfg = Release|Any CPU
		{F6A2C633-FA59-4E6D-8C50-CEDB453183A6}.Release|iPhoneSimulator.Build.0 = Release|Any CPU
		{F6A2C633-FA59-4E6D-8C50-CEDB453183A6}.Release|iPhoneSimulator.Deploy.0 = Release|Any CPU
		{F6A2C633-FA59-4E6D-8C50-CEDB453183A6}.Release|x86.ActiveCfg = Release|x86
		{F6A2C633-FA59-4E6D-8C50-CEDB453183A6}.Release|x86.Build.0 = Release|x86
		{F6A2C633-FA59-4E6D-8C50-CEDB453183A6}.Release|x86.Deploy.0 = Release|x86
		{67F9D3A8-F71E-4428-913F-C37AE82CDB24}.Ad-Hoc|Any CPU.ActiveCfg = Release|Any CPU
		{67F9D3A8-F71E-4428-913F-C37AE82CDB24}.Ad-Hoc|Any CPU.Build.0 = Release|Any CPU
		{67F9D3A8-F71E-4428-913F-C37AE82CDB24}.Ad-Hoc|ARM.ActiveCfg = Release|Any CPU
		{67F9D3A8-F71E-4428-913F-C37AE82CDB24}.Ad-Hoc|ARM.Build.0 = Release|Any CPU
		{67F9D3A8-F71E-4428-913F-C37AE82CDB24}.Ad-Hoc|iPhone.ActiveCfg = Release|Any CPU
		{67F9D3A8-F71E-4428-913F-C37AE82CDB24}.Ad-Hoc|iPhone.Build.0 = Release|Any CPU
		{67F9D3A8-F71E-4428-913F-C37AE82CDB24}.Ad-Hoc|iPhoneSimulator.ActiveCfg = Release|Any CPU
		{67F9D3A8-F71E-4428-913F-C37AE82CDB24}.Ad-Hoc|iPhoneSimulator.Build.0 = Release|Any CPU
		{67F9D3A8-F71E-4428-913F-C37AE82CDB24}.Ad-Hoc|x86.ActiveCfg = Release|Any CPU
		{67F9D3A8-F71E-4428-913F-C37AE82CDB24}.Ad-Hoc|x86.Build.0 = Release|Any CPU
		{67F9D3A8-F71E-4428-913F-C37AE82CDB24}.AppStore|Any CPU.ActiveCfg = Release|Any CPU
		{67F9D3A8-F71E-4428-913F-C37AE82CDB24}.AppStore|Any CPU.Build.0 = Release|Any CPU
		{67F9D3A8-F71E-4428-913F-C37AE82CDB24}.AppStore|ARM.ActiveCfg = Release|Any CPU
		{67F9D3A8-F71E-4428-913F-C37AE82CDB24}.AppStore|ARM.Build.0 = Release|Any CPU
		{67F9D3A8-F71E-4428-913F-C37AE82CDB24}.AppStore|iPhone.ActiveCfg = Release|Any CPU
		{67F9D3A8-F71E-4428-913F-C37AE82CDB24}.AppStore|iPhone.Build.0 = Release|Any CPU
		{67F9D3A8-F71E-4428-913F-C37AE82CDB24}.AppStore|iPhoneSimulator.ActiveCfg = Release|Any CPU
		{67F9D3A8-F71E-4428-913F-C37AE82CDB24}.AppStore|iPhoneSimulator.Build.0 = Release|Any CPU
		{67F9D3A8-F71E-4428-913F-C37AE82CDB24}.AppStore|x86.ActiveCfg = Release|Any CPU
		{67F9D3A8-F71E-4428-913F-C37AE82CDB24}.AppStore|x86.Build.0 = Release|Any CPU
		{67F9D3A8-F71E-4428-913F-C37AE82CDB24}.Debug|Any CPU.ActiveCfg = Debug|Any CPU
		{67F9D3A8-F71E-4428-913F-C37AE82CDB24}.Debug|Any CPU.Build.0 = Debug|Any CPU
		{67F9D3A8-F71E-4428-913F-C37AE82CDB24}.Debug|ARM.ActiveCfg = Debug|Any CPU
		{67F9D3A8-F71E-4428-913F-C37AE82CDB24}.Debug|ARM.Build.0 = Debug|Any CPU
		{67F9D3A8-F71E-4428-913F-C37AE82CDB24}.Debug|iPhone.ActiveCfg = Debug|Any CPU
		{67F9D3A8-F71E-4428-913F-C37AE82CDB24}.Debug|iPhone.Build.0 = Debug|Any CPU
		{67F9D3A8-F71E-4428-913F-C37AE82CDB24}.Debug|iPhoneSimulator.ActiveCfg = Debug|Any CPU
		{67F9D3A8-F71E-4428-913F-C37AE82CDB24}.Debug|iPhoneSimulator.Build.0 = Debug|Any CPU
		{67F9D3A8-F71E-4428-913F-C37AE82CDB24}.Debug|x86.ActiveCfg = Debug|Any CPU
		{67F9D3A8-F71E-4428-913F-C37AE82CDB24}.Debug|x86.Build.0 = Debug|Any CPU
		{67F9D3A8-F71E-4428-913F-C37AE82CDB24}.Release|Any CPU.ActiveCfg = Release|Any CPU
		{67F9D3A8-F71E-4428-913F-C37AE82CDB24}.Release|Any CPU.Build.0 = Release|Any CPU
		{67F9D3A8-F71E-4428-913F-C37AE82CDB24}.Release|ARM.ActiveCfg = Release|Any CPU
		{67F9D3A8-F71E-4428-913F-C37AE82CDB24}.Release|ARM.Build.0 = Release|Any CPU
		{67F9D3A8-F71E-4428-913F-C37AE82CDB24}.Release|iPhone.ActiveCfg = Release|Any CPU
		{67F9D3A8-F71E-4428-913F-C37AE82CDB24}.Release|iPhone.Build.0 = Release|Any CPU
		{67F9D3A8-F71E-4428-913F-C37AE82CDB24}.Release|iPhoneSimulator.ActiveCfg = Release|Any CPU
		{67F9D3A8-F71E-4428-913F-C37AE82CDB24}.Release|iPhoneSimulator.Build.0 = Release|Any CPU
		{67F9D3A8-F71E-4428-913F-C37AE82CDB24}.Release|x86.ActiveCfg = Release|Any CPU
		{67F9D3A8-F71E-4428-913F-C37AE82CDB24}.Release|x86.Build.0 = Release|Any CPU
		{9B29F9FC-B3CD-4DBE-A2C6-FAAB72B32197}.Ad-Hoc|Any CPU.ActiveCfg = Release|Any CPU
		{9B29F9FC-B3CD-4DBE-A2C6-FAAB72B32197}.Ad-Hoc|Any CPU.Build.0 = Release|Any CPU
		{9B29F9FC-B3CD-4DBE-A2C6-FAAB72B32197}.Ad-Hoc|ARM.ActiveCfg = Release|Any CPU
		{9B29F9FC-B3CD-4DBE-A2C6-FAAB72B32197}.Ad-Hoc|ARM.Build.0 = Release|Any CPU
		{9B29F9FC-B3CD-4DBE-A2C6-FAAB72B32197}.Ad-Hoc|iPhone.ActiveCfg = Release|Any CPU
		{9B29F9FC-B3CD-4DBE-A2C6-FAAB72B32197}.Ad-Hoc|iPhone.Build.0 = Release|Any CPU
		{9B29F9FC-B3CD-4DBE-A2C6-FAAB72B32197}.Ad-Hoc|iPhoneSimulator.ActiveCfg = Release|Any CPU
		{9B29F9FC-B3CD-4DBE-A2C6-FAAB72B32197}.Ad-Hoc|iPhoneSimulator.Build.0 = Release|Any CPU
		{9B29F9FC-B3CD-4DBE-A2C6-FAAB72B32197}.Ad-Hoc|x86.ActiveCfg = Release|Any CPU
		{9B29F9FC-B3CD-4DBE-A2C6-FAAB72B32197}.Ad-Hoc|x86.Build.0 = Release|Any CPU
		{9B29F9FC-B3CD-4DBE-A2C6-FAAB72B32197}.AppStore|Any CPU.ActiveCfg = Release|Any CPU
		{9B29F9FC-B3CD-4DBE-A2C6-FAAB72B32197}.AppStore|Any CPU.Build.0 = Release|Any CPU
		{9B29F9FC-B3CD-4DBE-A2C6-FAAB72B32197}.AppStore|ARM.ActiveCfg = Release|Any CPU
		{9B29F9FC-B3CD-4DBE-A2C6-FAAB72B32197}.AppStore|ARM.Build.0 = Release|Any CPU
		{9B29F9FC-B3CD-4DBE-A2C6-FAAB72B32197}.AppStore|iPhone.ActiveCfg = Release|Any CPU
		{9B29F9FC-B3CD-4DBE-A2C6-FAAB72B32197}.AppStore|iPhone.Build.0 = Release|Any CPU
		{9B29F9FC-B3CD-4DBE-A2C6-FAAB72B32197}.AppStore|iPhoneSimulator.ActiveCfg = Release|Any CPU
		{9B29F9FC-B3CD-4DBE-A2C6-FAAB72B32197}.AppStore|iPhoneSimulator.Build.0 = Release|Any CPU
		{9B29F9FC-B3CD-4DBE-A2C6-FAAB72B32197}.AppStore|x86.ActiveCfg = Release|Any CPU
		{9B29F9FC-B3CD-4DBE-A2C6-FAAB72B32197}.AppStore|x86.Build.0 = Release|Any CPU
		{9B29F9FC-B3CD-4DBE-A2C6-FAAB72B32197}.Debug|Any CPU.ActiveCfg = Debug|Any CPU
		{9B29F9FC-B3CD-4DBE-A2C6-FAAB72B32197}.Debug|Any CPU.Build.0 = Debug|Any CPU
		{9B29F9FC-B3CD-4DBE-A2C6-FAAB72B32197}.Debug|ARM.ActiveCfg = Debug|Any CPU
		{9B29F9FC-B3CD-4DBE-A2C6-FAAB72B32197}.Debug|ARM.Build.0 = Debug|Any CPU
		{9B29F9FC-B3CD-4DBE-A2C6-FAAB72B32197}.Debug|iPhone.ActiveCfg = Debug|Any CPU
		{9B29F9FC-B3CD-4DBE-A2C6-FAAB72B32197}.Debug|iPhone.Build.0 = Debug|Any CPU
		{9B29F9FC-B3CD-4DBE-A2C6-FAAB72B32197}.Debug|iPhoneSimulator.ActiveCfg = Debug|Any CPU
		{9B29F9FC-B3CD-4DBE-A2C6-FAAB72B32197}.Debug|iPhoneSimulator.Build.0 = Debug|Any CPU
		{9B29F9FC-B3CD-4DBE-A2C6-FAAB72B32197}.Debug|x86.ActiveCfg = Debug|Any CPU
		{9B29F9FC-B3CD-4DBE-A2C6-FAAB72B32197}.Debug|x86.Build.0 = Debug|Any CPU
		{9B29F9FC-B3CD-4DBE-A2C6-FAAB72B32197}.Release|Any CPU.ActiveCfg = Release|Any CPU
		{9B29F9FC-B3CD-4DBE-A2C6-FAAB72B32197}.Release|Any CPU.Build.0 = Release|Any CPU
		{9B29F9FC-B3CD-4DBE-A2C6-FAAB72B32197}.Release|ARM.ActiveCfg = Release|Any CPU
		{9B29F9FC-B3CD-4DBE-A2C6-FAAB72B32197}.Release|ARM.Build.0 = Release|Any CPU
		{9B29F9FC-B3CD-4DBE-A2C6-FAAB72B32197}.Release|iPhone.ActiveCfg = Release|Any CPU
		{9B29F9FC-B3CD-4DBE-A2C6-FAAB72B32197}.Release|iPhone.Build.0 = Release|Any CPU
		{9B29F9FC-B3CD-4DBE-A2C6-FAAB72B32197}.Release|iPhoneSimulator.ActiveCfg = Release|Any CPU
		{9B29F9FC-B3CD-4DBE-A2C6-FAAB72B32197}.Release|iPhoneSimulator.Build.0 = Release|Any CPU
		{9B29F9FC-B3CD-4DBE-A2C6-FAAB72B32197}.Release|x86.ActiveCfg = Release|Any CPU
		{9B29F9FC-B3CD-4DBE-A2C6-FAAB72B32197}.Release|x86.Build.0 = Release|Any CPU
		{70BB04F3-7A76-44F7-8167-4749515614B1}.Ad-Hoc|Any CPU.ActiveCfg = Release|Any CPU
		{70BB04F3-7A76-44F7-8167-4749515614B1}.Ad-Hoc|Any CPU.Build.0 = Release|Any CPU
		{70BB04F3-7A76-44F7-8167-4749515614B1}.Ad-Hoc|ARM.ActiveCfg = Release|Any CPU
		{70BB04F3-7A76-44F7-8167-4749515614B1}.Ad-Hoc|ARM.Build.0 = Release|Any CPU
		{70BB04F3-7A76-44F7-8167-4749515614B1}.Ad-Hoc|iPhone.ActiveCfg = Release|Any CPU
		{70BB04F3-7A76-44F7-8167-4749515614B1}.Ad-Hoc|iPhone.Build.0 = Release|Any CPU
		{70BB04F3-7A76-44F7-8167-4749515614B1}.Ad-Hoc|iPhoneSimulator.ActiveCfg = Release|Any CPU
		{70BB04F3-7A76-44F7-8167-4749515614B1}.Ad-Hoc|iPhoneSimulator.Build.0 = Release|Any CPU
		{70BB04F3-7A76-44F7-8167-4749515614B1}.Ad-Hoc|x86.ActiveCfg = Release|Any CPU
		{70BB04F3-7A76-44F7-8167-4749515614B1}.Ad-Hoc|x86.Build.0 = Release|Any CPU
		{70BB04F3-7A76-44F7-8167-4749515614B1}.AppStore|Any CPU.ActiveCfg = Release|Any CPU
		{70BB04F3-7A76-44F7-8167-4749515614B1}.AppStore|Any CPU.Build.0 = Release|Any CPU
		{70BB04F3-7A76-44F7-8167-4749515614B1}.AppStore|ARM.ActiveCfg = Release|Any CPU
		{70BB04F3-7A76-44F7-8167-4749515614B1}.AppStore|ARM.Build.0 = Release|Any CPU
		{70BB04F3-7A76-44F7-8167-4749515614B1}.AppStore|iPhone.ActiveCfg = Release|Any CPU
		{70BB04F3-7A76-44F7-8167-4749515614B1}.AppStore|iPhone.Build.0 = Release|Any CPU
		{70BB04F3-7A76-44F7-8167-4749515614B1}.AppStore|iPhoneSimulator.ActiveCfg = Release|Any CPU
		{70BB04F3-7A76-44F7-8167-4749515614B1}.AppStore|iPhoneSimulator.Build.0 = Release|Any CPU
		{70BB04F3-7A76-44F7-8167-4749515614B1}.AppStore|x86.ActiveCfg = Release|Any CPU
		{70BB04F3-7A76-44F7-8167-4749515614B1}.AppStore|x86.Build.0 = Release|Any CPU
		{70BB04F3-7A76-44F7-8167-4749515614B1}.Debug|Any CPU.ActiveCfg = Debug|Any CPU
		{70BB04F3-7A76-44F7-8167-4749515614B1}.Debug|Any CPU.Build.0 = Debug|Any CPU
		{70BB04F3-7A76-44F7-8167-4749515614B1}.Debug|ARM.ActiveCfg = Debug|Any CPU
		{70BB04F3-7A76-44F7-8167-4749515614B1}.Debug|ARM.Build.0 = Debug|Any CPU
		{70BB04F3-7A76-44F7-8167-4749515614B1}.Debug|iPhone.ActiveCfg = Debug|Any CPU
		{70BB04F3-7A76-44F7-8167-4749515614B1}.Debug|iPhone.Build.0 = Debug|Any CPU
		{70BB04F3-7A76-44F7-8167-4749515614B1}.Debug|iPhoneSimulator.ActiveCfg = Debug|Any CPU
		{70BB04F3-7A76-44F7-8167-4749515614B1}.Debug|iPhoneSimulator.Build.0 = Debug|Any CPU
		{70BB04F3-7A76-44F7-8167-4749515614B1}.Debug|x86.ActiveCfg = Debug|Any CPU
		{70BB04F3-7A76-44F7-8167-4749515614B1}.Debug|x86.Build.0 = Debug|Any CPU
		{70BB04F3-7A76-44F7-8167-4749515614B1}.Release|Any CPU.ActiveCfg = Release|Any CPU
		{70BB04F3-7A76-44F7-8167-4749515614B1}.Release|Any CPU.Build.0 = Release|Any CPU
		{70BB04F3-7A76-44F7-8167-4749515614B1}.Release|ARM.ActiveCfg = Release|Any CPU
		{70BB04F3-7A76-44F7-8167-4749515614B1}.Release|ARM.Build.0 = Release|Any CPU
		{70BB04F3-7A76-44F7-8167-4749515614B1}.Release|iPhone.ActiveCfg = Release|Any CPU
		{70BB04F3-7A76-44F7-8167-4749515614B1}.Release|iPhone.Build.0 = Release|Any CPU
		{70BB04F3-7A76-44F7-8167-4749515614B1}.Release|iPhoneSimulator.ActiveCfg = Release|Any CPU
		{70BB04F3-7A76-44F7-8167-4749515614B1}.Release|iPhoneSimulator.Build.0 = Release|Any CPU
		{70BB04F3-7A76-44F7-8167-4749515614B1}.Release|x86.ActiveCfg = Release|Any CPU
		{70BB04F3-7A76-44F7-8167-4749515614B1}.Release|x86.Build.0 = Release|Any CPU
		{16F57B3C-848C-4BF8-8619-01561455AE35}.Ad-Hoc|Any CPU.ActiveCfg = Release|Any CPU
		{16F57B3C-848C-4BF8-8619-01561455AE35}.Ad-Hoc|Any CPU.Build.0 = Release|Any CPU
		{16F57B3C-848C-4BF8-8619-01561455AE35}.Ad-Hoc|ARM.ActiveCfg = Release|Any CPU
		{16F57B3C-848C-4BF8-8619-01561455AE35}.Ad-Hoc|ARM.Build.0 = Release|Any CPU
		{16F57B3C-848C-4BF8-8619-01561455AE35}.Ad-Hoc|iPhone.ActiveCfg = Release|Any CPU
		{16F57B3C-848C-4BF8-8619-01561455AE35}.Ad-Hoc|iPhone.Build.0 = Release|Any CPU
		{16F57B3C-848C-4BF8-8619-01561455AE35}.Ad-Hoc|iPhoneSimulator.ActiveCfg = Release|Any CPU
		{16F57B3C-848C-4BF8-8619-01561455AE35}.Ad-Hoc|iPhoneSimulator.Build.0 = Release|Any CPU
		{16F57B3C-848C-4BF8-8619-01561455AE35}.Ad-Hoc|x86.ActiveCfg = Release|Any CPU
		{16F57B3C-848C-4BF8-8619-01561455AE35}.Ad-Hoc|x86.Build.0 = Release|Any CPU
		{16F57B3C-848C-4BF8-8619-01561455AE35}.AppStore|Any CPU.ActiveCfg = Release|Any CPU
		{16F57B3C-848C-4BF8-8619-01561455AE35}.AppStore|Any CPU.Build.0 = Release|Any CPU
		{16F57B3C-848C-4BF8-8619-01561455AE35}.AppStore|ARM.ActiveCfg = Release|Any CPU
		{16F57B3C-848C-4BF8-8619-01561455AE35}.AppStore|ARM.Build.0 = Release|Any CPU
		{16F57B3C-848C-4BF8-8619-01561455AE35}.AppStore|iPhone.ActiveCfg = Release|Any CPU
		{16F57B3C-848C-4BF8-8619-01561455AE35}.AppStore|iPhone.Build.0 = Release|Any CPU
		{16F57B3C-848C-4BF8-8619-01561455AE35}.AppStore|iPhoneSimulator.ActiveCfg = Release|Any CPU
		{16F57B3C-848C-4BF8-8619-01561455AE35}.AppStore|iPhoneSimulator.Build.0 = Release|Any CPU
		{16F57B3C-848C-4BF8-8619-01561455AE35}.AppStore|x86.ActiveCfg = Release|Any CPU
		{16F57B3C-848C-4BF8-8619-01561455AE35}.AppStore|x86.Build.0 = Release|Any CPU
		{16F57B3C-848C-4BF8-8619-01561455AE35}.Debug|Any CPU.ActiveCfg = Debug|Any CPU
		{16F57B3C-848C-4BF8-8619-01561455AE35}.Debug|Any CPU.Build.0 = Debug|Any CPU
		{16F57B3C-848C-4BF8-8619-01561455AE35}.Debug|ARM.ActiveCfg = Debug|Any CPU
		{16F57B3C-848C-4BF8-8619-01561455AE35}.Debug|ARM.Build.0 = Debug|Any CPU
		{16F57B3C-848C-4BF8-8619-01561455AE35}.Debug|iPhone.ActiveCfg = Debug|Any CPU
		{16F57B3C-848C-4BF8-8619-01561455AE35}.Debug|iPhone.Build.0 = Debug|Any CPU
		{16F57B3C-848C-4BF8-8619-01561455AE35}.Debug|iPhoneSimulator.ActiveCfg = Debug|Any CPU
		{16F57B3C-848C-4BF8-8619-01561455AE35}.Debug|iPhoneSimulator.Build.0 = Debug|Any CPU
		{16F57B3C-848C-4BF8-8619-01561455AE35}.Debug|x86.ActiveCfg = Debug|Any CPU
		{16F57B3C-848C-4BF8-8619-01561455AE35}.Debug|x86.Build.0 = Debug|Any CPU
		{16F57B3C-848C-4BF8-8619-01561455AE35}.Release|Any CPU.ActiveCfg = Release|Any CPU
		{16F57B3C-848C-4BF8-8619-01561455AE35}.Release|Any CPU.Build.0 = Release|Any CPU
		{16F57B3C-848C-4BF8-8619-01561455AE35}.Release|ARM.ActiveCfg = Release|Any CPU
		{16F57B3C-848C-4BF8-8619-01561455AE35}.Release|ARM.Build.0 = Release|Any CPU
		{16F57B3C-848C-4BF8-8619-01561455AE35}.Release|iPhone.ActiveCfg = Release|Any CPU
		{16F57B3C-848C-4BF8-8619-01561455AE35}.Release|iPhone.Build.0 = Release|Any CPU
		{16F57B3C-848C-4BF8-8619-01561455AE35}.Release|iPhoneSimulator.ActiveCfg = Release|Any CPU
		{16F57B3C-848C-4BF8-8619-01561455AE35}.Release|iPhoneSimulator.Build.0 = Release|Any CPU
		{16F57B3C-848C-4BF8-8619-01561455AE35}.Release|x86.ActiveCfg = Release|Any CPU
		{16F57B3C-848C-4BF8-8619-01561455AE35}.Release|x86.Build.0 = Release|Any CPU
		{CA049911-87EC-44BF-BE38-0A74D48C31AA}.Ad-Hoc|Any CPU.ActiveCfg = Release|Any CPU
		{CA049911-87EC-44BF-BE38-0A74D48C31AA}.Ad-Hoc|Any CPU.Build.0 = Release|Any CPU
		{CA049911-87EC-44BF-BE38-0A74D48C31AA}.Ad-Hoc|ARM.ActiveCfg = Release|Any CPU
		{CA049911-87EC-44BF-BE38-0A74D48C31AA}.Ad-Hoc|ARM.Build.0 = Release|Any CPU
		{CA049911-87EC-44BF-BE38-0A74D48C31AA}.Ad-Hoc|iPhone.ActiveCfg = Release|Any CPU
		{CA049911-87EC-44BF-BE38-0A74D48C31AA}.Ad-Hoc|iPhone.Build.0 = Release|Any CPU
		{CA049911-87EC-44BF-BE38-0A74D48C31AA}.Ad-Hoc|iPhoneSimulator.ActiveCfg = Release|Any CPU
		{CA049911-87EC-44BF-BE38-0A74D48C31AA}.Ad-Hoc|iPhoneSimulator.Build.0 = Release|Any CPU
		{CA049911-87EC-44BF-BE38-0A74D48C31AA}.Ad-Hoc|x86.ActiveCfg = Release|Any CPU
		{CA049911-87EC-44BF-BE38-0A74D48C31AA}.Ad-Hoc|x86.Build.0 = Release|Any CPU
		{CA049911-87EC-44BF-BE38-0A74D48C31AA}.AppStore|Any CPU.ActiveCfg = Release|Any CPU
		{CA049911-87EC-44BF-BE38-0A74D48C31AA}.AppStore|Any CPU.Build.0 = Release|Any CPU
		{CA049911-87EC-44BF-BE38-0A74D48C31AA}.AppStore|ARM.ActiveCfg = Release|Any CPU
		{CA049911-87EC-44BF-BE38-0A74D48C31AA}.AppStore|ARM.Build.0 = Release|Any CPU
		{CA049911-87EC-44BF-BE38-0A74D48C31AA}.AppStore|iPhone.ActiveCfg = Release|Any CPU
		{CA049911-87EC-44BF-BE38-0A74D48C31AA}.AppStore|iPhone.Build.0 = Release|Any CPU
		{CA049911-87EC-44BF-BE38-0A74D48C31AA}.AppStore|iPhoneSimulator.ActiveCfg = Release|Any CPU
		{CA049911-87EC-44BF-BE38-0A74D48C31AA}.AppStore|iPhoneSimulator.Build.0 = Release|Any CPU
		{CA049911-87EC-44BF-BE38-0A74D48C31AA}.AppStore|x86.ActiveCfg = Release|Any CPU
		{CA049911-87EC-44BF-BE38-0A74D48C31AA}.AppStore|x86.Build.0 = Release|Any CPU
		{CA049911-87EC-44BF-BE38-0A74D48C31AA}.Debug|Any CPU.ActiveCfg = Debug|Any CPU
		{CA049911-87EC-44BF-BE38-0A74D48C31AA}.Debug|Any CPU.Build.0 = Debug|Any CPU
		{CA049911-87EC-44BF-BE38-0A74D48C31AA}.Debug|ARM.ActiveCfg = Debug|Any CPU
		{CA049911-87EC-44BF-BE38-0A74D48C31AA}.Debug|ARM.Build.0 = Debug|Any CPU
		{CA049911-87EC-44BF-BE38-0A74D48C31AA}.Debug|iPhone.ActiveCfg = Debug|Any CPU
		{CA049911-87EC-44BF-BE38-0A74D48C31AA}.Debug|iPhone.Build.0 = Debug|Any CPU
		{CA049911-87EC-44BF-BE38-0A74D48C31AA}.Debug|iPhoneSimulator.ActiveCfg = Debug|Any CPU
		{CA049911-87EC-44BF-BE38-0A74D48C31AA}.Debug|iPhoneSimulator.Build.0 = Debug|Any CPU
		{CA049911-87EC-44BF-BE38-0A74D48C31AA}.Debug|x86.ActiveCfg = Debug|Any CPU
		{CA049911-87EC-44BF-BE38-0A74D48C31AA}.Debug|x86.Build.0 = Debug|Any CPU
		{CA049911-87EC-44BF-BE38-0A74D48C31AA}.Release|Any CPU.ActiveCfg = Release|Any CPU
		{CA049911-87EC-44BF-BE38-0A74D48C31AA}.Release|Any CPU.Build.0 = Release|Any CPU
		{CA049911-87EC-44BF-BE38-0A74D48C31AA}.Release|ARM.ActiveCfg = Release|Any CPU
		{CA049911-87EC-44BF-BE38-0A74D48C31AA}.Release|ARM.Build.0 = Release|Any CPU
		{CA049911-87EC-44BF-BE38-0A74D48C31AA}.Release|iPhone.ActiveCfg = Release|Any CPU
		{CA049911-87EC-44BF-BE38-0A74D48C31AA}.Release|iPhone.Build.0 = Release|Any CPU
		{CA049911-87EC-44BF-BE38-0A74D48C31AA}.Release|iPhoneSimulator.ActiveCfg = Release|Any CPU
		{CA049911-87EC-44BF-BE38-0A74D48C31AA}.Release|iPhoneSimulator.Build.0 = Release|Any CPU
		{CA049911-87EC-44BF-BE38-0A74D48C31AA}.Release|x86.ActiveCfg = Release|Any CPU
		{CA049911-87EC-44BF-BE38-0A74D48C31AA}.Release|x86.Build.0 = Release|Any CPU
		{CE7B29D8-7D59-4576-B3FD-CC9080BC45C2}.Ad-Hoc|Any CPU.ActiveCfg = Release|Any CPU
		{CE7B29D8-7D59-4576-B3FD-CC9080BC45C2}.Ad-Hoc|Any CPU.Build.0 = Release|Any CPU
		{CE7B29D8-7D59-4576-B3FD-CC9080BC45C2}.Ad-Hoc|ARM.ActiveCfg = Release|Any CPU
		{CE7B29D8-7D59-4576-B3FD-CC9080BC45C2}.Ad-Hoc|ARM.Build.0 = Release|Any CPU
		{CE7B29D8-7D59-4576-B3FD-CC9080BC45C2}.Ad-Hoc|iPhone.ActiveCfg = Release|Any CPU
		{CE7B29D8-7D59-4576-B3FD-CC9080BC45C2}.Ad-Hoc|iPhone.Build.0 = Release|Any CPU
		{CE7B29D8-7D59-4576-B3FD-CC9080BC45C2}.Ad-Hoc|iPhoneSimulator.ActiveCfg = Release|Any CPU
		{CE7B29D8-7D59-4576-B3FD-CC9080BC45C2}.Ad-Hoc|iPhoneSimulator.Build.0 = Release|Any CPU
		{CE7B29D8-7D59-4576-B3FD-CC9080BC45C2}.Ad-Hoc|x86.ActiveCfg = Release|Any CPU
		{CE7B29D8-7D59-4576-B3FD-CC9080BC45C2}.Ad-Hoc|x86.Build.0 = Release|Any CPU
		{CE7B29D8-7D59-4576-B3FD-CC9080BC45C2}.AppStore|Any CPU.ActiveCfg = Release|Any CPU
		{CE7B29D8-7D59-4576-B3FD-CC9080BC45C2}.AppStore|Any CPU.Build.0 = Release|Any CPU
		{CE7B29D8-7D59-4576-B3FD-CC9080BC45C2}.AppStore|ARM.ActiveCfg = Release|Any CPU
		{CE7B29D8-7D59-4576-B3FD-CC9080BC45C2}.AppStore|ARM.Build.0 = Release|Any CPU
		{CE7B29D8-7D59-4576-B3FD-CC9080BC45C2}.AppStore|iPhone.ActiveCfg = Release|Any CPU
		{CE7B29D8-7D59-4576-B3FD-CC9080BC45C2}.AppStore|iPhone.Build.0 = Release|Any CPU
		{CE7B29D8-7D59-4576-B3FD-CC9080BC45C2}.AppStore|iPhoneSimulator.ActiveCfg = Release|Any CPU
		{CE7B29D8-7D59-4576-B3FD-CC9080BC45C2}.AppStore|iPhoneSimulator.Build.0 = Release|Any CPU
		{CE7B29D8-7D59-4576-B3FD-CC9080BC45C2}.AppStore|x86.ActiveCfg = Release|Any CPU
		{CE7B29D8-7D59-4576-B3FD-CC9080BC45C2}.AppStore|x86.Build.0 = Release|Any CPU
		{CE7B29D8-7D59-4576-B3FD-CC9080BC45C2}.Debug|Any CPU.ActiveCfg = Debug|Any CPU
		{CE7B29D8-7D59-4576-B3FD-CC9080BC45C2}.Debug|Any CPU.Build.0 = Debug|Any CPU
		{CE7B29D8-7D59-4576-B3FD-CC9080BC45C2}.Debug|ARM.ActiveCfg = Debug|Any CPU
		{CE7B29D8-7D59-4576-B3FD-CC9080BC45C2}.Debug|ARM.Build.0 = Debug|Any CPU
		{CE7B29D8-7D59-4576-B3FD-CC9080BC45C2}.Debug|iPhone.ActiveCfg = Debug|Any CPU
		{CE7B29D8-7D59-4576-B3FD-CC9080BC45C2}.Debug|iPhone.Build.0 = Debug|Any CPU
		{CE7B29D8-7D59-4576-B3FD-CC9080BC45C2}.Debug|iPhoneSimulator.ActiveCfg = Debug|Any CPU
		{CE7B29D8-7D59-4576-B3FD-CC9080BC45C2}.Debug|iPhoneSimulator.Build.0 = Debug|Any CPU
		{CE7B29D8-7D59-4576-B3FD-CC9080BC45C2}.Debug|x86.ActiveCfg = Debug|Any CPU
		{CE7B29D8-7D59-4576-B3FD-CC9080BC45C2}.Debug|x86.Build.0 = Debug|Any CPU
		{CE7B29D8-7D59-4576-B3FD-CC9080BC45C2}.Release|Any CPU.ActiveCfg = Release|Any CPU
		{CE7B29D8-7D59-4576-B3FD-CC9080BC45C2}.Release|Any CPU.Build.0 = Release|Any CPU
		{CE7B29D8-7D59-4576-B3FD-CC9080BC45C2}.Release|ARM.ActiveCfg = Release|Any CPU
		{CE7B29D8-7D59-4576-B3FD-CC9080BC45C2}.Release|ARM.Build.0 = Release|Any CPU
		{CE7B29D8-7D59-4576-B3FD-CC9080BC45C2}.Release|iPhone.ActiveCfg = Release|Any CPU
		{CE7B29D8-7D59-4576-B3FD-CC9080BC45C2}.Release|iPhone.Build.0 = Release|Any CPU
		{CE7B29D8-7D59-4576-B3FD-CC9080BC45C2}.Release|iPhoneSimulator.ActiveCfg = Release|Any CPU
		{CE7B29D8-7D59-4576-B3FD-CC9080BC45C2}.Release|iPhoneSimulator.Build.0 = Release|Any CPU
		{CE7B29D8-7D59-4576-B3FD-CC9080BC45C2}.Release|x86.ActiveCfg = Release|Any CPU
		{CE7B29D8-7D59-4576-B3FD-CC9080BC45C2}.Release|x86.Build.0 = Release|Any CPU
		{4575A220-D469-4369-836F-C8B22682AA22}.Ad-Hoc|Any CPU.ActiveCfg = Release|Any CPU
		{4575A220-D469-4369-836F-C8B22682AA22}.Ad-Hoc|Any CPU.Build.0 = Release|Any CPU
		{4575A220-D469-4369-836F-C8B22682AA22}.Ad-Hoc|ARM.ActiveCfg = Release|Any CPU
		{4575A220-D469-4369-836F-C8B22682AA22}.Ad-Hoc|ARM.Build.0 = Release|Any CPU
		{4575A220-D469-4369-836F-C8B22682AA22}.Ad-Hoc|iPhone.ActiveCfg = Release|Any CPU
		{4575A220-D469-4369-836F-C8B22682AA22}.Ad-Hoc|iPhone.Build.0 = Release|Any CPU
		{4575A220-D469-4369-836F-C8B22682AA22}.Ad-Hoc|iPhoneSimulator.ActiveCfg = Release|Any CPU
		{4575A220-D469-4369-836F-C8B22682AA22}.Ad-Hoc|iPhoneSimulator.Build.0 = Release|Any CPU
		{4575A220-D469-4369-836F-C8B22682AA22}.Ad-Hoc|x86.ActiveCfg = Release|Any CPU
		{4575A220-D469-4369-836F-C8B22682AA22}.Ad-Hoc|x86.Build.0 = Release|Any CPU
		{4575A220-D469-4369-836F-C8B22682AA22}.AppStore|Any CPU.ActiveCfg = Release|Any CPU
		{4575A220-D469-4369-836F-C8B22682AA22}.AppStore|Any CPU.Build.0 = Release|Any CPU
		{4575A220-D469-4369-836F-C8B22682AA22}.AppStore|ARM.ActiveCfg = Release|Any CPU
		{4575A220-D469-4369-836F-C8B22682AA22}.AppStore|ARM.Build.0 = Release|Any CPU
		{4575A220-D469-4369-836F-C8B22682AA22}.AppStore|iPhone.ActiveCfg = Release|Any CPU
		{4575A220-D469-4369-836F-C8B22682AA22}.AppStore|iPhone.Build.0 = Release|Any CPU
		{4575A220-D469-4369-836F-C8B22682AA22}.AppStore|iPhoneSimulator.ActiveCfg = Release|Any CPU
		{4575A220-D469-4369-836F-C8B22682AA22}.AppStore|iPhoneSimulator.Build.0 = Release|Any CPU
		{4575A220-D469-4369-836F-C8B22682AA22}.AppStore|x86.ActiveCfg = Release|Any CPU
		{4575A220-D469-4369-836F-C8B22682AA22}.AppStore|x86.Build.0 = Release|Any CPU
		{4575A220-D469-4369-836F-C8B22682AA22}.Debug|Any CPU.ActiveCfg = Debug|Any CPU
		{4575A220-D469-4369-836F-C8B22682AA22}.Debug|Any CPU.Build.0 = Debug|Any CPU
		{4575A220-D469-4369-836F-C8B22682AA22}.Debug|ARM.ActiveCfg = Debug|Any CPU
		{4575A220-D469-4369-836F-C8B22682AA22}.Debug|ARM.Build.0 = Debug|Any CPU
		{4575A220-D469-4369-836F-C8B22682AA22}.Debug|iPhone.ActiveCfg = Debug|Any CPU
		{4575A220-D469-4369-836F-C8B22682AA22}.Debug|iPhone.Build.0 = Debug|Any CPU
		{4575A220-D469-4369-836F-C8B22682AA22}.Debug|iPhoneSimulator.ActiveCfg = Debug|Any CPU
		{4575A220-D469-4369-836F-C8B22682AA22}.Debug|iPhoneSimulator.Build.0 = Debug|Any CPU
		{4575A220-D469-4369-836F-C8B22682AA22}.Debug|x86.ActiveCfg = Debug|Any CPU
		{4575A220-D469-4369-836F-C8B22682AA22}.Debug|x86.Build.0 = Debug|Any CPU
		{4575A220-D469-4369-836F-C8B22682AA22}.Release|Any CPU.ActiveCfg = Release|Any CPU
		{4575A220-D469-4369-836F-C8B22682AA22}.Release|Any CPU.Build.0 = Release|Any CPU
		{4575A220-D469-4369-836F-C8B22682AA22}.Release|ARM.ActiveCfg = Release|Any CPU
		{4575A220-D469-4369-836F-C8B22682AA22}.Release|ARM.Build.0 = Release|Any CPU
		{4575A220-D469-4369-836F-C8B22682AA22}.Release|iPhone.ActiveCfg = Release|Any CPU
		{4575A220-D469-4369-836F-C8B22682AA22}.Release|iPhone.Build.0 = Release|Any CPU
		{4575A220-D469-4369-836F-C8B22682AA22}.Release|iPhoneSimulator.ActiveCfg = Release|Any CPU
		{4575A220-D469-4369-836F-C8B22682AA22}.Release|iPhoneSimulator.Build.0 = Release|Any CPU
		{4575A220-D469-4369-836F-C8B22682AA22}.Release|x86.ActiveCfg = Release|Any CPU
		{4575A220-D469-4369-836F-C8B22682AA22}.Release|x86.Build.0 = Release|Any CPU
	EndGlobalSection
	GlobalSection(SolutionProperties) = preSolution
		HideSolutionNode = FALSE
	EndGlobalSection
	GlobalSection(NestedProjects) = preSolution
		{7F5D59B7-D83A-4C10-A13C-68A4A2694BA1} = {407096D7-DC0D-4EE6-ACB8-3413E6DB2472}
		{D1B81673-9CFE-405A-B941-87AA14B0B2C8} = {407096D7-DC0D-4EE6-ACB8-3413E6DB2472}
		{F6A2C633-FA59-4E6D-8C50-CEDB453183A6} = {407096D7-DC0D-4EE6-ACB8-3413E6DB2472}
		{67F9D3A8-F71E-4428-913F-C37AE82CDB24} = {D96931FA-E355-4EB9-82FB-0860D6DA60D6}
		{9B29F9FC-B3CD-4DBE-A2C6-FAAB72B32197} = {F351A21C-60B3-4940-B457-CCC975D8E89E}
		{70BB04F3-7A76-44F7-8167-4749515614B1} = {F351A21C-60B3-4940-B457-CCC975D8E89E}
		{16F57B3C-848C-4BF8-8619-01561455AE35} = {A1C24ADF-B674-43DB-8867-B8AB12BF8BAF}
		{CA049911-87EC-44BF-BE38-0A74D48C31AA} = {A1540408-C5C3-4EE5-8D51-108433D7CF5B}
		{CE7B29D8-7D59-4576-B3FD-CC9080BC45C2} = {99304588-323B-437C-8B3B-C40E97023D11}
		{4575A220-D469-4369-836F-C8B22682AA22} = {99304588-323B-437C-8B3B-C40E97023D11}
	EndGlobalSection
EndGlobal
